PODS:
  - Bolts (1.9.0):
    - Bolts/AppLinks (= 1.9.0)
    - Bolts/Tasks (= 1.9.0)
  - Bolts/AppLinks (1.9.0):
    - Bolts/Tasks
  - Bolts/Tasks (1.9.0)
  - FacebookCore (0.6.0):
    - Bolts (~> 1.9)
    - FBSDKCoreKit (~> 4.43)
  - FacebookLogin (0.6.0):
    - Bolts (~> 1.9)
    - FacebookCore (~> 0.5)
    - FBSDKCoreKit (~> 4.43)
    - FBSDKLoginKit (~> 4.43)
  - FBSDKCoreKit (4.44.0):
    - Bolts (~> 1.9)
  - FBSDKLoginKit (4.44.0):
    - FBSDKCoreKit
  - Firebase/Auth (6.0.0):
    - Firebase/CoreOnly
    - FirebaseAuth (~> 6.0.0)
  - Firebase/CoreOnly (6.0.0):
    - FirebaseCore (= 6.0.0)
  - Firebase/Database (6.0.0):
    - Firebase/CoreOnly
    - FirebaseDatabase (~> 6.0.0)
  - Firebase/Storage (6.0.0):
    - Firebase/CoreOnly
    - FirebaseStorage (~> 3.2.0)
  - FirebaseAuth (6.0.0):
    - FirebaseAuthInterop (~> 1.0)
    - FirebaseCore (~> 6.0)
    - GoogleUtilities/AppDelegateSwizzler (~> 6.0)
    - GoogleUtilities/Environment (~> 6.0)
    - GTMSessionFetcher/Core (~> 1.1)
  - FirebaseAuthInterop (1.0.0)
  - FirebaseCore (6.0.0):
    - GoogleUtilities/Environment (~> 6.0)
    - GoogleUtilities/Logger (~> 6.0)
  - FirebaseDatabase (6.0.0):
    - FirebaseAuthInterop (~> 1.0)
    - FirebaseCore (~> 6.0)
    - leveldb-library (~> 1.18)
  - FirebaseStorage (3.2.0):
    - FirebaseAuthInterop (~> 1.0)
    - FirebaseCore (~> 6.0)
    - GTMSessionFetcher/Core (~> 1.1)
  - GoogleUtilities/AppDelegateSwizzler (6.0.0):
    - GoogleUtilities/Environment
    - GoogleUtilities/Logger
    - GoogleUtilities/Network
  - GoogleUtilities/Environment (6.0.0)
  - GoogleUtilities/Logger (6.0.0):
    - GoogleUtilities/Environment
  - GoogleUtilities/Network (6.0.0):
    - GoogleUtilities/Logger
    - "GoogleUtilities/NSData+zlib"
    - GoogleUtilities/Reachability
  - "GoogleUtilities/NSData+zlib (6.0.0)"
  - GoogleUtilities/Reachability (6.0.0):
    - GoogleUtilities/Logger
  - GTMSessionFetcher/Core (1.2.1)
  - LBTAComponents (1.0.2)
  - leveldb-library (1.20)
  - SVProgressHUD (2.2.5)
  - SwiftyJSON (5.0.0)

DEPENDENCIES:
  - FacebookCore (< 0.7.0)
  - FacebookLogin (< 0.7.0)
  - FBSDKCoreKit (< 4.44.1)
  - FBSDKLoginKit (< 4.44.1)
  - Firebase/Auth
  - Firebase/Database
  - Firebase/Storage
  - LBTAComponents
  - SVProgressHUD (from `https://github.com/SVProgressHUD/SVProgressHUD.git`)
  - SwiftyJSON

SPEC REPOS:
  https://github.com/cocoapods/specs.git:
    - Bolts
    - FacebookCore
    - FacebookLogin
    - FBSDKCoreKit
    - FBSDKLoginKit
    - Firebase
    - FirebaseAuth
    - FirebaseAuthInterop
    - FirebaseCore
    - FirebaseDatabase
    - FirebaseStorage
    - GoogleUtilities
    - GTMSessionFetcher
    - LBTAComponents
    - leveldb-library
    - SwiftyJSON

EXTERNAL SOURCES:
  SVProgressHUD:
    :git: https://github.com/SVProgressHUD/SVProgressHUD.git

CHECKOUT OPTIONS:
  SVProgressHUD:
    :commit: e2a6aaa12321962cbe9fbecc370475f369c6566c
    :git: https://github.com/SVProgressHUD/SVProgressHUD.git

SPEC CHECKSUMS:
  Bolts: ac6567323eac61e203f6a9763667d0f711be34c8
  FacebookCore: 38cd3a4078738d6f648eb9b6b9d35b02d693e9a1
  FacebookLogin: 658b0569961a081a0890f5f4dbf69ced00657d9e
  FBSDKCoreKit: 8bcd4503afe43f28823c2175a6142a7f50f1bf28
  FBSDKLoginKit: 93c5a407ab1a6a17b1b38cff57e89991f714d878
  Firebase: fa80b9d987ca014a1ba9357496ef2a0178b28b12
  FirebaseAuth: efc72b0f6fe075d2a6de8d81a6d9de83ef2b47eb
  FirebaseAuthInterop: 0ffa57668be100582bb7643d4fcb7615496c41fc
  FirebaseCore: e38f025287b413255a53acc1945d048a112047f7
  FirebaseDatabase: f48e067716864be2b855cf716b927ef375d6cfa0
  FirebaseStorage: ff1e8f1f6cf1557a8694b0ef39d3e72cb60c42ac
  GoogleUtilities: f1faafc033ea203adf1783ce00af455bb99d0e5b
  GTMSessionFetcher: 32aeca0aa144acea523e1c8e053089dec2cb98ca
  LBTAComponents: c4c8863e0ef6715e378300db148b96a09df656f7
  leveldb-library: 08cba283675b7ed2d99629a4bc5fd052cd2bb6a5
  SVProgressHUD: 1428aafac632c1f86f62aa4243ec12008d7a51d6
  SwiftyJSON: 36413e04c44ee145039d332b4f4e2d3e8d6c4db7

PODFILE CHECKSUM: e7211182c290342ae35a4058a5cf9253ec80b8a7

COCOAPODS: 1.6.1
