// !$*UTF8*$!
{
	archiveVersion = 1;
	classes = {
	};
	objectVersion = 50;
	objects = {

/* Begin PBXBuildFile section */
		240F8013226A1765009F0B9F /* ACTPlayerStats.swift in Sources */ = {isa = PBXBuildFile; fileRef = 244F99C922686EE3004874FB /* ACTPlayerStats.swift */; };
		240F8017226A17D4009F0B9F /* ClickSound.mp3 in Resources */ = {isa = PBXBuildFile; fileRef = 240F8016226A17D4009F0B9F /* ClickSound.mp3 */; };
		244F99AE226868A3004874FB /* AppDelegate.swift in Sources */ = {isa = PBXBuildFile; fileRef = 244F99AD226868A3004874FB /* AppDelegate.swift */; };
		244F99B0226868A3004874FB /* ViewController.swift in Sources */ = {isa = PBXBuildFile; fileRef = 244F99AF226868A3004874FB /* ViewController.swift */; };
		244F99B5226868A4004874FB /* Assets.xcassets in Resources */ = {isa = PBXBuildFile; fileRef = 244F99B4226868A4004874FB /* Assets.xcassets */; };
		244F99B8226868A4004874FB /* LaunchScreen.storyboard in Resources */ = {isa = PBXBuildFile; fileRef = 244F99B6226868A4004874FB /* LaunchScreen.storyboard */; };
		244F99C022686A95004874FB /* GameViewController.swift in Sources */ = {isa = PBXBuildFile; fileRef = 244F99BF22686A95004874FB /* GameViewController.swift */; };
		244F99C222686BDD004874FB /* MainMenu.swift in Sources */ = {isa = PBXBuildFile; fileRef = 244F99C122686BDD004874FB /* MainMenu.swift */; };
		244F99C422686D3E004874FB /* BDButton.swift in Sources */ = {isa = PBXBuildFile; fileRef = 244F99C322686D3E004874FB /* BDButton.swift */; };
		244F99C622686D79004874FB /* Extension.swift in Sources */ = {isa = PBXBuildFile; fileRef = 244F99C522686D79004874FB /* Extension.swift */; };
		244F99C822686E79004874FB /* ACTManager.swift in Sources */ = {isa = PBXBuildFile; fileRef = 244F99C722686E79004874FB /* ACTManager.swift */; };
		244F99CC22686FA6004874FB /* Gameplay.swift in Sources */ = {isa = PBXBuildFile; fileRef = 244F99CB22686FA6004874FB /* Gameplay.swift */; };
		244F99CE22689A36004874FB /* GameOver.swift in Sources */ = {isa = PBXBuildFile; fileRef = 244F99CD22689A36004874FB /* GameOver.swift */; };
/* End PBXBuildFile section */

/* Begin PBXFileReference section */
		240F800D226A16A0009F0B9F /* summer.mp3 */ = {isa = PBXFileReference; lastKnownFileType = audio.mp3; name = summer.mp3; path = "../../Working Files /summer.mp3"; sourceTree = "<group>"; };
		240F8016226A17D4009F0B9F /* ClickSound.mp3 */ = {isa = PBXFileReference; lastKnownFileType = audio.mp3; path = ClickSound.mp3; sourceTree = "<group>"; };
		244F99AA226868A3004874FB /* SpriteKitGameProgrammatically.app */ = {isa = PBXFileReference; explicitFileType = wrapper.application; includeInIndex = 0; path = SpriteKitGameProgrammatically.app; sourceTree = BUILT_PRODUCTS_DIR; };
		244F99AD226868A3004874FB /* AppDelegate.swift */ = {isa = PBXFileReference; lastKnownFileType = sourcecode.swift; path = AppDelegate.swift; sourceTree = "<group>"; };
		244F99AF226868A3004874FB /* ViewController.swift */ = {isa = PBXFileReference; lastKnownFileType = sourcecode.swift; path = ViewController.swift; sourceTree = "<group>"; };
		244F99B4226868A4004874FB /* Assets.xcassets */ = {isa = PBXFileReference; lastKnownFileType = folder.assetcatalog; path = Assets.xcassets; sourceTree = "<group>"; };
		244F99B7226868A4004874FB /* Base */ = {isa = PBXFileReference; lastKnownFileType = file.storyboard; name = Base; path = Base.lproj/LaunchScreen.storyboard; sourceTree = "<group>"; };
		244F99B9226868A4004874FB /* Info.plist */ = {isa = PBXFileReference; lastKnownFileType = text.plist.xml; path = Info.plist; sourceTree = "<group>"; };
		244F99BF22686A95004874FB /* GameViewController.swift */ = {isa = PBXFileReference; lastKnownFileType = sourcecode.swift; path = GameViewController.swift; sourceTree = "<group>"; };
		244F99C122686BDD004874FB /* MainMenu.swift */ = {isa = PBXFileReference; lastKnownFileType = sourcecode.swift; path = MainMenu.swift; sourceTree = "<group>"; };
		244F99C322686D3E004874FB /* BDButton.swift */ = {isa = PBXFileReference; fileEncoding = 4; lastKnownFileType = sourcecode.swift; path = BDButton.swift; sourceTree = "<group>"; };
		244F99C522686D79004874FB /* Extension.swift */ = {isa = PBXFileReference; fileEncoding = 4; lastKnownFileType = sourcecode.swift; path = Extension.swift; sourceTree = "<group>"; };
		244F99C722686E79004874FB /* ACTManager.swift */ = {isa = PBXFileReference; fileEncoding = 4; lastKnownFileType = sourcecode.swift; path = ACTManager.swift; sourceTree = "<group>"; };
		244F99C922686EE3004874FB /* ACTPlayerStats.swift */ = {isa = PBXFileReference; fileEncoding = 4; lastKnownFileType = sourcecode.swift; path = ACTPlayerStats.swift; sourceTree = "<group>"; };
		244F99CB22686FA6004874FB /* Gameplay.swift */ = {isa = PBXFileReference; lastKnownFileType = sourcecode.swift; path = Gameplay.swift; sourceTree = "<group>"; };
		244F99CD22689A36004874FB /* GameOver.swift */ = {isa = PBXFileReference; lastKnownFileType = sourcecode.swift; path = GameOver.swift; sourceTree = "<group>"; };
/* End PBXFileReference section */

/* Begin PBXFrameworksBuildPhase section */
		244F99A7226868A3004874FB /* Frameworks */ = {
			isa = PBXFrameworksBuildPhase;
			buildActionMask = 2147483647;
			files = (
			);
			runOnlyForDeploymentPostprocessing = 0;
		};
/* End PBXFrameworksBuildPhase section */

/* Begin PBXGroup section */
		244F99A1226868A3004874FB = {
			isa = PBXGroup;
			children = (
				244F99AC226868A3004874FB /* SpriteKitGameProgrammatically */,
				244F99AB226868A3004874FB /* Products */,
			);
			sourceTree = "<group>";
		};
		244F99AB226868A3004874FB /* Products */ = {
			isa = PBXGroup;
			children = (
				244F99AA226868A3004874FB /* SpriteKitGameProgrammatically.app */,
			);
			name = Products;
			sourceTree = "<group>";
		};
		244F99AC226868A3004874FB /* SpriteKitGameProgrammatically */ = {
			isa = PBXGroup;
			children = (
				244F99AD226868A3004874FB /* AppDelegate.swift */,
				244F99AF226868A3004874FB /* ViewController.swift */,
				244F99BF22686A95004874FB /* GameViewController.swift */,
				244F99C122686BDD004874FB /* MainMenu.swift */,
				244F99CD22689A36004874FB /* GameOver.swift */,
				244F99CB22686FA6004874FB /* Gameplay.swift */,
				244F99C322686D3E004874FB /* BDButton.swift */,
				244F99C522686D79004874FB /* Extension.swift */,
				244F99C722686E79004874FB /* ACTManager.swift */,
				244F99C922686EE3004874FB /* ACTPlayerStats.swift */,
				244F99B4226868A4004874FB /* Assets.xcassets */,
				240F8016226A17D4009F0B9F /* ClickSound.mp3 */,
				244F99B6226868A4004874FB /* LaunchScreen.storyboard */,
				240F800D226A16A0009F0B9F /* summer.mp3 */,
				244F99B9226868A4004874FB /* Info.plist */,
			);
			path = SpriteKitGameProgrammatically;
			sourceTree = "<group>";
		};
/* End PBXGroup section */

/* Begin PBXNativeTarget section */
		244F99A9226868A3004874FB /* SpriteKitGameProgrammatically */ = {
			isa = PBXNativeTarget;
			buildConfigurationList = 244F99BC226868A4004874FB /* Build configuration list for PBXNativeTarget "SpriteKitGameProgrammatically" */;
			buildPhases = (
				244F99A6226868A3004874FB /* Sources */,
				244F99A7226868A3004874FB /* Frameworks */,
				244F99A8226868A3004874FB /* Resources */,
			);
			buildRules = (
			);
			dependencies = (
			);
			name = SpriteKitGameProgrammatically;
			productName = SpriteKitGameProgrammatically;
			productReference = 244F99AA226868A3004874FB /* SpriteKitGameProgrammatically.app */;
			productType = "com.apple.product-type.application";
		};
/* End PBXNativeTarget section */

/* Begin PBXProject section */
		244F99A2226868A3004874FB /* Project object */ = {
			isa = PBXProject;
			attributes = {
				LastSwiftUpdateCheck = 1020;
				LastUpgradeCheck = 1020;
				ORGANIZATIONNAME = "Ilija Mihajlovic";
				TargetAttributes = {
					244F99A9226868A3004874FB = {
						CreatedOnToolsVersion = 10.2;
					};
				};
			};
			buildConfigurationList = 244F99A5226868A3004874FB /* Build configuration list for PBXProject "SpriteKitGameProgrammatically" */;
			compatibilityVersion = "Xcode 9.3";
			developmentRegion = en;
			hasScannedForEncodings = 0;
			knownRegions = (
				en,
				Base,
			);
			mainGroup = 244F99A1226868A3004874FB;
			productRefGroup = 244F99AB226868A3004874FB /* Products */;
			projectDirPath = "";
			projectRoot = "";
			targets = (
				244F99A9226868A3004874FB /* SpriteKitGameProgrammatically */,
			);
		};
/* End PBXProject section */

/* Begin PBXResourcesBuildPhase section */
		244F99A8226868A3004874FB /* Resources */ = {
			isa = PBXResourcesBuildPhase;
			buildActionMask = 2147483647;
			files = (
				244F99B8226868A4004874FB /* LaunchScreen.storyboard in Resources */,
				244F99B5226868A4004874FB /* Assets.xcassets in Resources */,
				240F8017226A17D4009F0B9F /* ClickSound.mp3 in Resources */,
			);
			runOnlyForDeploymentPostprocessing = 0;
		};
/* End PBXResourcesBuildPhase section */

/* Begin PBXSourcesBuildPhase section */
		244F99A6226868A3004874FB /* Sources */ = {
			isa = PBXSourcesBuildPhase;
			buildActionMask = 2147483647;
			files = (
				244F99B0226868A3004874FB /* ViewController.swift in Sources */,
				240F8013226A1765009F0B9F /* ACTPlayerStats.swift in Sources */,
				244F99CE22689A36004874FB /* GameOver.swift in Sources */,
				244F99C022686A95004874FB /* GameViewController.swift in Sources */,
				244F99C822686E79004874FB /* ACTManager.swift in Sources */,
				244F99AE226868A3004874FB /* AppDelegate.swift in Sources */,
				244F99C622686D79004874FB /* Extension.swift in Sources */,
				244F99C422686D3E004874FB /* BDButton.swift in Sources */,
				244F99CC22686FA6004874FB /* Gameplay.swift in Sources */,
				244F99C222686BDD004874FB /* MainMenu.swift in Sources */,
			);
			runOnlyForDeploymentPostprocessing = 0;
		};
/* End PBXSourcesBuildPhase section */

/* Begin PBXVariantGroup section */
		244F99B6226868A4004874FB /* LaunchScreen.storyboard */ = {
			isa = PBXVariantGroup;
			children = (
				244F99B7226868A4004874FB /* Base */,
			);
			name = LaunchScreen.storyboard;
			sourceTree = "<group>";
		};
/* End PBXVariantGroup section */

/* Begin XCBuildConfiguration section */
		244F99BA226868A4004874FB /* Debug */ = {
			isa = XCBuildConfiguration;
			buildSettings = {
				ALWAYS_SEARCH_USER_PATHS = NO;
				CLANG_ANALYZER_NONNULL = YES;
				CLANG_ANALYZER_NUMBER_OBJECT_CONVERSION = YES_AGGRESSIVE;
				CLANG_CXX_LANGUAGE_STANDARD = "gnu++14";
				CLANG_CXX_LIBRARY = "libc++";
				CLANG_ENABLE_MODULES = YES;
				CLANG_ENABLE_OBJC_ARC = YES;
				CLANG_ENABLE_OBJC_WEAK = YES;
				CLANG_WARN_BLOCK_CAPTURE_AUTORELEASING = YES;
				CLANG_WARN_BOOL_CONVERSION = YES;
				CLANG_WARN_COMMA = YES;
				CLANG_WARN_CONSTANT_CONVERSION = YES;
				CLANG_WARN_DEPRECATED_OBJC_IMPLEMENTATIONS = YES;
				CLANG_WARN_DIRECT_OBJC_ISA_USAGE = YES_ERROR;
				CLANG_WARN_DOCUMENTATION_COMMENTS = YES;
				CLANG_WARN_EMPTY_BODY = YES;
				CLANG_WARN_ENUM_CONVERSION = YES;
				CLANG_WARN_INFINITE_RECURSION = YES;
				CLANG_WARN_INT_CONVERSION = YES;
				CLANG_WARN_NON_LITERAL_NULL_CONVERSION = YES;
				CLANG_WARN_OBJC_IMPLICIT_RETAIN_SELF = YES;
				CLANG_WARN_OBJC_LITERAL_CONVERSION = YES;
				CLANG_WARN_OBJC_ROOT_CLASS = YES_ERROR;
				CLANG_WARN_RANGE_LOOP_ANALYSIS = YES;
				CLANG_WARN_STRICT_PROTOTYPES = YES;
				CLANG_WARN_SUSPICIOUS_MOVE = YES;
				CLANG_WARN_UNGUARDED_AVAILABILITY = YES_AGGRESSIVE;
				CLANG_WARN_UNREACHABLE_CODE = YES;
				CLANG_WARN__DUPLICATE_METHOD_MATCH = YES;
				CODE_SIGN_IDENTITY = "iPhone Developer";
				COPY_PHASE_STRIP = NO;
				DEBUG_INFORMATION_FORMAT = dwarf;
				ENABLE_STRICT_OBJC_MSGSEND = YES;
				ENABLE_TESTABILITY = YES;
				GCC_C_LANGUAGE_STANDARD = gnu11;
				GCC_DYNAMIC_NO_PIC = NO;
				GCC_NO_COMMON_BLOCKS = YES;
				GCC_OPTIMIZATION_LEVEL = 0;
				GCC_PREPROCESSOR_DEFINITIONS = (
					"DEBUG=1",
					"$(inherited)",
				);
				GCC_WARN_64_TO_32_BIT_CONVERSION = YES;
				GCC_WARN_ABOUT_RETURN_TYPE = YES_ERROR;
				GCC_WARN_UNDECLARED_SELECTOR = YES;
				GCC_WARN_UNINITIALIZED_AUTOS = YES_AGGRESSIVE;
				GCC_WARN_UNUSED_FUNCTION = YES;
				GCC_WARN_UNUSED_VARIABLE = YES;
				IPHONEOS_DEPLOYMENT_TARGET = 12.2;
				MTL_ENABLE_DEBUG_INFO = INCLUDE_SOURCE;
				MTL_FAST_MATH = YES;
				ONLY_ACTIVE_ARCH = YES;
				SDKROOT = iphoneos;
				SWIFT_ACTIVE_COMPILATION_CONDITIONS = DEBUG;
				SWIFT_OPTIMIZATION_LEVEL = "-Onone";
			};
			name = Debug;
		};
		244F99BB226868A4004874FB /* Release */ = {
			isa = XCBuildConfiguration;
			buildSettings = {
				ALWAYS_SEARCH_USER_PATHS = NO;
				CLANG_ANALYZER_NONNULL = YES;
				CLANG_ANALYZER_NUMBER_OBJECT_CONVERSION = YES_AGGRESSIVE;
				CLANG_CXX_LANGUAGE_STANDARD = "gnu++14";
				CLANG_CXX_LIBRARY = "libc++";
				CLANG_ENABLE_MODULES = YES;
				CLANG_ENABLE_OBJC_ARC = YES;
				CLANG_ENABLE_OBJC_WEAK = YES;
				CLANG_WARN_BLOCK_CAPTURE_AUTORELEASING = YES;
				CLANG_WARN_BOOL_CONVERSION = YES;
				CLANG_WARN_COMMA = YES;
				CLANG_WARN_CONSTANT_CONVERSION = YES;
				CLANG_WARN_DEPRECATED_OBJC_IMPLEMENTATIONS = YES;
				CLANG_WARN_DIRECT_OBJC_ISA_USAGE = YES_ERROR;
				CLANG_WARN_DOCUMENTATION_COMMENTS = YES;
				CLANG_WARN_EMPTY_BODY = YES;
				CLANG_WARN_ENUM_CONVERSION = YES;
				CLANG_WARN_INFINITE_RECURSION = YES;
				CLANG_WARN_INT_CONVERSION = YES;
				CLANG_WARN_NON_LITERAL_NULL_CONVERSION = YES;
				CLANG_WARN_OBJC_IMPLICIT_RETAIN_SELF = YES;
				CLANG_WARN_OBJC_LITERAL_CONVERSION = YES;
				CLANG_WARN_OBJC_ROOT_CLASS = YES_ERROR;
				CLANG_WARN_RANGE_LOOP_ANALYSIS = YES;
				CLANG_WARN_STRICT_PROTOTYPES = YES;
				CLANG_WARN_SUSPICIOUS_MOVE = YES;
				CLANG_WARN_UNGUARDED_AVAILABILITY = YES_AGGRESSIVE;
				CLANG_WARN_UNREACHABLE_CODE = YES;
				CLANG_WARN__DUPLICATE_METHOD_MATCH = YES;
				CODE_SIGN_IDENTITY = "iPhone Developer";
				COPY_PHASE_STRIP = NO;
				DEBUG_INFORMATION_FORMAT = "dwarf-with-dsym";
				ENABLE_NS_ASSERTIONS = NO;
				ENABLE_STRICT_OBJC_MSGSEND = YES;
				GCC_C_LANGUAGE_STANDARD = gnu11;
				GCC_NO_COMMON_BLOCKS = YES;
				GCC_WARN_64_TO_32_BIT_CONVERSION = YES;
				GCC_WARN_ABOUT_RETURN_TYPE = YES_ERROR;
				GCC_WARN_UNDECLARED_SELECTOR = YES;
				GCC_WARN_UNINITIALIZED_AUTOS = YES_AGGRESSIVE;
				GCC_WARN_UNUSED_FUNCTION = YES;
				GCC_WARN_UNUSED_VARIABLE = YES;
				IPHONEOS_DEPLOYMENT_TARGET = 12.2;
				MTL_ENABLE_DEBUG_INFO = NO;
				MTL_FAST_MATH = YES;
				SDKROOT = iphoneos;
				SWIFT_COMPILATION_MODE = wholemodule;
				SWIFT_OPTIMIZATION_LEVEL = "-O";
				VALIDATE_PRODUCT = YES;
			};
			name = Release;
		};
		244F99BD226868A4004874FB /* Debug */ = {
			isa = XCBuildConfiguration;
			buildSettings = {
				ASSETCATALOG_COMPILER_APPICON_NAME = AppIcon;
				CODE_SIGN_STYLE = Automatic;
				INFOPLIST_FILE = SpriteKitGameProgrammatically/Info.plist;
				LD_RUNPATH_SEARCH_PATHS = (
					"$(inherited)",
					"@executable_path/Frameworks",
				);
				PRODUCT_BUNDLE_IDENTIFIER = com.MafiaCaffe.SpriteKitGameProgrammatically;
				PRODUCT_NAME = "$(TARGET_NAME)";
				SWIFT_VERSION = 5.0;
				TARGETED_DEVICE_FAMILY = "1,2";
			};
			name = Debug;
		};
		244F99BE226868A4004874FB /* Release */ = {
			isa = XCBuildConfiguration;
			buildSettings = {
				ASSETCATALOG_COMPILER_APPICON_NAME = AppIcon;
				CODE_SIGN_STYLE = Automatic;
				INFOPLIST_FILE = SpriteKitGameProgrammatically/Info.plist;
				LD_RUNPATH_SEARCH_PATHS = (
					"$(inherited)",
					"@executable_path/Frameworks",
				);
				PRODUCT_BUNDLE_IDENTIFIER = com.MafiaCaffe.SpriteKitGameProgrammatically;
				PRODUCT_NAME = "$(TARGET_NAME)";
				SWIFT_VERSION = 5.0;
				TARGETED_DEVICE_FAMILY = "1,2";
			};
			name = Release;
		};
/* End XCBuildConfiguration section */

/* Begin XCConfigurationList section */
		244F99A5226868A3004874FB /* Build configuration list for PBXProject "SpriteKitGameProgrammatically" */ = {
			isa = XCConfigurationList;
			buildConfigurations = (
				244F99BA226868A4004874FB /* Debug */,
				244F99BB226868A4004874FB /* Release */,
			);
			defaultConfigurationIsVisible = 0;
			defaultConfigurationName = Release;
		};
		244F99BC226868A4004874FB /* Build configuration list for PBXNativeTarget "SpriteKitGameProgrammatically" */ = {
			isa = XCConfigurationList;
			buildConfigurations = (
				244F99BD226868A4004874FB /* Debug */,
				244F99BE226868A4004874FB /* Release */,
			);
			defaultConfigurationIsVisible = 0;
			defaultConfigurationName = Release;
		};
/* End XCConfigurationList section */
	};
	rootObject = 244F99A2226868A3004874FB /* Project object */;
}
