// !$*UTF8*$!
{
	archiveVersion = 1;
	classes = {
	};
	objectVersion = 50;
	objects = {

/* Begin PBXBuildFile section */
		0CE9CE28C5511A94A074C2C0 /* Pods_SpriteKitGameProgrammatically.framework in Frameworks */ = {isa = PBXBuildFile; fileRef = F35CF71BFF61AADB9A22BC69 /* Pods_SpriteKitGameProgrammatically.framework */; };
		240F8013226A1765009F0B9F /* SSMPlayerStats.swift in Sources */ = {isa = PBXBuildFile; fileRef = 244F99C922686EE3004874FB /* SSMPlayerStats.swift */; };
		240F801B226A229E009F0B9F /* SSMManager.swift in Sources */ = {isa = PBXBuildFile; fileRef = 240F801A226A229E009F0B9F /* SSMManager.swift */; };
		240F801F226A4910009F0B9F /* SettingsLauncher.swift in Sources */ = {isa = PBXBuildFile; fileRef = 240F801E226A4910009F0B9F /* SettingsLauncher.swift */; };
		2436715D22707603009FC1A1 /* BackgroundMusic.mp3 in Resources */ = {isa = PBXBuildFile; fileRef = 2436715C22707603009FC1A1 /* BackgroundMusic.mp3 */; };
		2442D334228484770080003C /* CurrentUser.swift in Sources */ = {isa = PBXBuildFile; fileRef = 2442D333228484770080003C /* CurrentUser.swift */; };
		244F99AE226868A3004874FB /* AppDelegate.swift in Sources */ = {isa = PBXBuildFile; fileRef = 244F99AD226868A3004874FB /* AppDelegate.swift */; };
		244F99B5226868A4004874FB /* Assets.xcassets in Resources */ = {isa = PBXBuildFile; fileRef = 244F99B4226868A4004874FB /* Assets.xcassets */; };
		244F99B8226868A4004874FB /* LaunchScreen.storyboard in Resources */ = {isa = PBXBuildFile; fileRef = 244F99B6226868A4004874FB /* LaunchScreen.storyboard */; };
		244F99C022686A95004874FB /* GameViewController.swift in Sources */ = {isa = PBXBuildFile; fileRef = 244F99BF22686A95004874FB /* GameViewController.swift */; };
		244F99C222686BDD004874FB /* MainMenu.swift in Sources */ = {isa = PBXBuildFile; fileRef = 244F99C122686BDD004874FB /* MainMenu.swift */; };
		244F99C422686D3E004874FB /* BDButton.swift in Sources */ = {isa = PBXBuildFile; fileRef = 244F99C322686D3E004874FB /* BDButton.swift */; };
		244F99C622686D79004874FB /* Extension.swift in Sources */ = {isa = PBXBuildFile; fileRef = 244F99C522686D79004874FB /* Extension.swift */; };
		244F99CC22686FA6004874FB /* Gameplay.swift in Sources */ = {isa = PBXBuildFile; fileRef = 244F99CB22686FA6004874FB /* Gameplay.swift */; };
		244F99CE22689A36004874FB /* GameOver.swift in Sources */ = {isa = PBXBuildFile; fileRef = 244F99CD22689A36004874FB /* GameOver.swift */; };
		246FFF83226F0EC30043B611 /* LoginScene.swift in Sources */ = {isa = PBXBuildFile; fileRef = 246FFF82226F0EC30043B611 /* LoginScene.swift */; };
		2482B1C3226B26BF007EF025 /* BaseCell.swift in Sources */ = {isa = PBXBuildFile; fileRef = 2482B1C2226B26BF007EF025 /* BaseCell.swift */; };
		2482B1C5226B26D4007EF025 /* SettingsCell.swift in Sources */ = {isa = PBXBuildFile; fileRef = 2482B1C4226B26D4007EF025 /* SettingsCell.swift */; };
		2482B1C8226B2A61007EF025 /* AutoLayoutAnchorExt.swift in Sources */ = {isa = PBXBuildFile; fileRef = 2482B1C7226B2A61007EF025 /* AutoLayoutAnchorExt.swift */; };
		24A6BA2F22876C3C007D74F4 /* GPButton.swift in Sources */ = {isa = PBXBuildFile; fileRef = 24A6BA2E22876C3C007D74F4 /* GPButton.swift */; };
		24C5BEF2227C458F0050CBAA /* SwipingController+CollectionView.swift in Sources */ = {isa = PBXBuildFile; fileRef = 24C5BEF1227C458F0050CBAA /* SwipingController+CollectionView.swift */; };
		24CC57692289BA730045C278 /* SettingsCellDelegate.swift in Sources */ = {isa = PBXBuildFile; fileRef = 24CC57682289BA730045C278 /* SettingsCellDelegate.swift */; };
		24CC576C2289C2A50045C278 /* SceneType.swift in Sources */ = {isa = PBXBuildFile; fileRef = 24CC576B2289C2A50045C278 /* SceneType.swift */; };
		24CF845422820A5500D35D19 /* SettignsModel.swift in Sources */ = {isa = PBXBuildFile; fileRef = 24CF845322820A5500D35D19 /* SettignsModel.swift */; };
		24E4A5BE227F49F9009035F7 /* GoogleService-Info.plist in Resources */ = {isa = PBXBuildFile; fileRef = 24E4A5BD227F49F9009035F7 /* GoogleService-Info.plist */; };
		24E4A5C0227F4BAC009035F7 /* FirebaseManager.swift in Sources */ = {isa = PBXBuildFile; fileRef = 24E4A5BF227F4BAC009035F7 /* FirebaseManager.swift */; };
		24E4A5C2227F4C84009035F7 /* WelcomeViewController.swift in Sources */ = {isa = PBXBuildFile; fileRef = 24E4A5C1227F4C84009035F7 /* WelcomeViewController.swift */; };
		24E4A5C4227F4DD1009035F7 /* Service.swift in Sources */ = {isa = PBXBuildFile; fileRef = 24E4A5C3227F4DD1009035F7 /* Service.swift */; };
		24E4A5C6227F568E009035F7 /* UserProfileController.swift in Sources */ = {isa = PBXBuildFile; fileRef = 24E4A5C5227F568E009035F7 /* UserProfileController.swift */; };
		24E95CBC227C5E4F00CA272C /* UIColor+UIbuttonExt.swift in Sources */ = {isa = PBXBuildFile; fileRef = 24E95CBB227C5E4F00CA272C /* UIColor+UIbuttonExt.swift */; };
		24E95CBE227C5F1700CA272C /* SwipingController+ScrollView.swift in Sources */ = {isa = PBXBuildFile; fileRef = 24E95CBD227C5F1700CA272C /* SwipingController+ScrollView.swift */; };
		24ED372C227B5A66009A466A /* SwipingController.swift in Sources */ = {isa = PBXBuildFile; fileRef = 24ED372B227B5A66009A466A /* SwipingController.swift */; };
		24ED372E227B7016009A466A /* PageCell.swift in Sources */ = {isa = PBXBuildFile; fileRef = 24ED372D227B7016009A466A /* PageCell.swift */; };
		24ED3730227B87FF009A466A /* PageModel.swift in Sources */ = {isa = PBXBuildFile; fileRef = 24ED372F227B87FF009A466A /* PageModel.swift */; };
/* End PBXBuildFile section */

/* Begin PBXFileReference section */
		240F801A226A229E009F0B9F /* SSMManager.swift */ = {isa = PBXFileReference; fileEncoding = 4; lastKnownFileType = sourcecode.swift; path = SSMManager.swift; sourceTree = "<group>"; };
		240F801E226A4910009F0B9F /* SettingsLauncher.swift */ = {isa = PBXFileReference; fileEncoding = 4; lastKnownFileType = sourcecode.swift; path = SettingsLauncher.swift; sourceTree = "<group>"; };
		2436715C22707603009FC1A1 /* BackgroundMusic.mp3 */ = {isa = PBXFileReference; lastKnownFileType = audio.mp3; path = BackgroundMusic.mp3; sourceTree = "<group>"; };
		2442D333228484770080003C /* CurrentUser.swift */ = {isa = PBXFileReference; lastKnownFileType = sourcecode.swift; path = CurrentUser.swift; sourceTree = "<group>"; };
		244F99AA226868A3004874FB /* Sweet Sweets Mania.app */ = {isa = PBXFileReference; explicitFileType = wrapper.application; includeInIndex = 0; path = "Sweet Sweets Mania.app"; sourceTree = BUILT_PRODUCTS_DIR; };
		244F99AD226868A3004874FB /* AppDelegate.swift */ = {isa = PBXFileReference; lastKnownFileType = sourcecode.swift; path = AppDelegate.swift; sourceTree = "<group>"; };
		244F99B4226868A4004874FB /* Assets.xcassets */ = {isa = PBXFileReference; lastKnownFileType = folder.assetcatalog; path = Assets.xcassets; sourceTree = "<group>"; };
		244F99B7226868A4004874FB /* Base */ = {isa = PBXFileReference; lastKnownFileType = file.storyboard; name = Base; path = Base.lproj/LaunchScreen.storyboard; sourceTree = "<group>"; };
		244F99B9226868A4004874FB /* Info.plist */ = {isa = PBXFileReference; lastKnownFileType = text.plist.xml; path = Info.plist; sourceTree = "<group>"; };
		244F99BF22686A95004874FB /* GameViewController.swift */ = {isa = PBXFileReference; lastKnownFileType = sourcecode.swift; path = GameViewController.swift; sourceTree = "<group>"; };
		244F99C122686BDD004874FB /* MainMenu.swift */ = {isa = PBXFileReference; lastKnownFileType = sourcecode.swift; path = MainMenu.swift; sourceTree = "<group>"; };
		244F99C322686D3E004874FB /* BDButton.swift */ = {isa = PBXFileReference; fileEncoding = 4; lastKnownFileType = sourcecode.swift; path = BDButton.swift; sourceTree = "<group>"; };
		244F99C522686D79004874FB /* Extension.swift */ = {isa = PBXFileReference; fileEncoding = 4; lastKnownFileType = sourcecode.swift; name = Extension.swift; path = SpriteKitGameProgrammatically/Extension.swift; sourceTree = SOURCE_ROOT; };
		244F99C922686EE3004874FB /* SSMPlayerStats.swift */ = {isa = PBXFileReference; fileEncoding = 4; lastKnownFileType = sourcecode.swift; path = SSMPlayerStats.swift; sourceTree = "<group>"; };
		244F99CB22686FA6004874FB /* Gameplay.swift */ = {isa = PBXFileReference; lastKnownFileType = sourcecode.swift; path = Gameplay.swift; sourceTree = "<group>"; };
		244F99CD22689A36004874FB /* GameOver.swift */ = {isa = PBXFileReference; lastKnownFileType = sourcecode.swift; path = GameOver.swift; sourceTree = "<group>"; };
		246FFF82226F0EC30043B611 /* LoginScene.swift */ = {isa = PBXFileReference; lastKnownFileType = sourcecode.swift; path = LoginScene.swift; sourceTree = "<group>"; };
		2482B1C2226B26BF007EF025 /* BaseCell.swift */ = {isa = PBXFileReference; lastKnownFileType = sourcecode.swift; path = BaseCell.swift; sourceTree = "<group>"; };
		2482B1C4226B26D4007EF025 /* SettingsCell.swift */ = {isa = PBXFileReference; lastKnownFileType = sourcecode.swift; path = SettingsCell.swift; sourceTree = "<group>"; };
		2482B1C7226B2A61007EF025 /* AutoLayoutAnchorExt.swift */ = {isa = PBXFileReference; lastKnownFileType = sourcecode.swift; path = AutoLayoutAnchorExt.swift; sourceTree = "<group>"; };
		24A6BA2E22876C3C007D74F4 /* GPButton.swift */ = {isa = PBXFileReference; lastKnownFileType = sourcecode.swift; path = GPButton.swift; sourceTree = "<group>"; };
		24C5BEF1227C458F0050CBAA /* SwipingController+CollectionView.swift */ = {isa = PBXFileReference; lastKnownFileType = sourcecode.swift; path = "SwipingController+CollectionView.swift"; sourceTree = "<group>"; };
		24CC57682289BA730045C278 /* SettingsCellDelegate.swift */ = {isa = PBXFileReference; lastKnownFileType = sourcecode.swift; path = SettingsCellDelegate.swift; sourceTree = "<group>"; };
		24CC576B2289C2A50045C278 /* SceneType.swift */ = {isa = PBXFileReference; lastKnownFileType = sourcecode.swift; path = SceneType.swift; sourceTree = "<group>"; };
		24CF845322820A5500D35D19 /* SettignsModel.swift */ = {isa = PBXFileReference; lastKnownFileType = sourcecode.swift; path = SettignsModel.swift; sourceTree = "<group>"; };
		24E4A5BD227F49F9009035F7 /* GoogleService-Info.plist */ = {isa = PBXFileReference; fileEncoding = 4; lastKnownFileType = text.plist.xml; path = "GoogleService-Info.plist"; sourceTree = "<group>"; };
		24E4A5BF227F4BAC009035F7 /* FirebaseManager.swift */ = {isa = PBXFileReference; lastKnownFileType = sourcecode.swift; path = FirebaseManager.swift; sourceTree = "<group>"; };
		24E4A5C1227F4C84009035F7 /* WelcomeViewController.swift */ = {isa = PBXFileReference; lastKnownFileType = sourcecode.swift; path = WelcomeViewController.swift; sourceTree = "<group>"; };
		24E4A5C3227F4DD1009035F7 /* Service.swift */ = {isa = PBXFileReference; fileEncoding = 4; lastKnownFileType = sourcecode.swift; path = Service.swift; sourceTree = "<group>"; };
		24E4A5C5227F568E009035F7 /* UserProfileController.swift */ = {isa = PBXFileReference; lastKnownFileType = sourcecode.swift; path = UserProfileController.swift; sourceTree = "<group>"; };
		24E95CBB227C5E4F00CA272C /* UIColor+UIbuttonExt.swift */ = {isa = PBXFileReference; lastKnownFileType = sourcecode.swift; path = "UIColor+UIbuttonExt.swift"; sourceTree = "<group>"; };
		24E95CBD227C5F1700CA272C /* SwipingController+ScrollView.swift */ = {isa = PBXFileReference; lastKnownFileType = sourcecode.swift; path = "SwipingController+ScrollView.swift"; sourceTree = "<group>"; };
		24ED372B227B5A66009A466A /* SwipingController.swift */ = {isa = PBXFileReference; lastKnownFileType = sourcecode.swift; path = SwipingController.swift; sourceTree = "<group>"; };
		24ED372D227B7016009A466A /* PageCell.swift */ = {isa = PBXFileReference; lastKnownFileType = sourcecode.swift; path = PageCell.swift; sourceTree = "<group>"; };
		24ED372F227B87FF009A466A /* PageModel.swift */ = {isa = PBXFileReference; lastKnownFileType = sourcecode.swift; path = PageModel.swift; sourceTree = "<group>"; };
		512DC25AF549B965CA82FAF2 /* Pods-SpriteKitGameProgrammatically.release.xcconfig */ = {isa = PBXFileReference; includeInIndex = 1; lastKnownFileType = text.xcconfig; name = "Pods-SpriteKitGameProgrammatically.release.xcconfig"; path = "Target Support Files/Pods-SpriteKitGameProgrammatically/Pods-SpriteKitGameProgrammatically.release.xcconfig"; sourceTree = "<group>"; };
		EC023AF5D37782EE0D2D78B8 /* Pods-SpriteKitGameProgrammatically.debug.xcconfig */ = {isa = PBXFileReference; includeInIndex = 1; lastKnownFileType = text.xcconfig; name = "Pods-SpriteKitGameProgrammatically.debug.xcconfig"; path = "Target Support Files/Pods-SpriteKitGameProgrammatically/Pods-SpriteKitGameProgrammatically.debug.xcconfig"; sourceTree = "<group>"; };
		F35CF71BFF61AADB9A22BC69 /* Pods_SpriteKitGameProgrammatically.framework */ = {isa = PBXFileReference; explicitFileType = wrapper.framework; includeInIndex = 0; path = Pods_SpriteKitGameProgrammatically.framework; sourceTree = BUILT_PRODUCTS_DIR; };
/* End PBXFileReference section */

/* Begin PBXFrameworksBuildPhase section */
		244F99A7226868A3004874FB /* Frameworks */ = {
			isa = PBXFrameworksBuildPhase;
			buildActionMask = 2147483647;
			files = (
				0CE9CE28C5511A94A074C2C0 /* Pods_SpriteKitGameProgrammatically.framework in Frameworks */,
			);
			runOnlyForDeploymentPostprocessing = 0;
		};
/* End PBXFrameworksBuildPhase section */

/* Begin PBXGroup section */
		244F99A1226868A3004874FB = {
			isa = PBXGroup;
			children = (
				244F99AC226868A3004874FB /* SpriteKitGameProgrammatically */,
				244F99AB226868A3004874FB /* Products */,
				BC2C8F615C6A6BE92C0693D1 /* Pods */,
				C9216CE52709AABE21DF5EF8 /* Frameworks */,
			);
			sourceTree = "<group>";
		};
		244F99AB226868A3004874FB /* Products */ = {
			isa = PBXGroup;
			children = (
				244F99AA226868A3004874FB /* Sweet Sweets Mania.app */,
			);
			name = Products;
			sourceTree = "<group>";
		};
		244F99AC226868A3004874FB /* SpriteKitGameProgrammatically */ = {
			isa = PBXGroup;
			children = (
				24CC576A2289C2950045C278 /* Enum */,
				24CC57672289BA290045C278 /* Protocol */,
				2482B1C6226B2A36007EF025 /* Extension */,
				24ED3731227B8805009A466A /* Model */,
				2482B1C0226B2645007EF025 /* Controller */,
				2482B1BF226B2635007EF025 /* View */,
				2482B1C1226B2662007EF025 /* Helper */,
				24E95CC1227C607C00CA272C /* Interface Builder */,
				24E95CC0227C603A00CA272C /* Resources */,
				24E95CBF227C5FF100CA272C /* Supporting Files */,
				24A6BA2E22876C3C007D74F4 /* GPButton.swift */,
				244F99C322686D3E004874FB /* BDButton.swift */,
			);
			path = SpriteKitGameProgrammatically;
			sourceTree = "<group>";
		};
		2482B1BF226B2635007EF025 /* View */ = {
			isa = PBXGroup;
			children = (
				2482B1C2226B26BF007EF025 /* BaseCell.swift */,
				2482B1C4226B26D4007EF025 /* SettingsCell.swift */,
				24ED372D227B7016009A466A /* PageCell.swift */,
			);
			path = View;
			sourceTree = "<group>";
		};
		2482B1C0226B2645007EF025 /* Controller */ = {
			isa = PBXGroup;
			children = (
				24CF84522281D61F00D35D19 /* Firebase Controller */,
				244F99BF22686A95004874FB /* GameViewController.swift */,
				240F801E226A4910009F0B9F /* SettingsLauncher.swift */,
				244F99CD22689A36004874FB /* GameOver.swift */,
				244F99CB22686FA6004874FB /* Gameplay.swift */,
				244F99C122686BDD004874FB /* MainMenu.swift */,
				246FFF82226F0EC30043B611 /* LoginScene.swift */,
				24ED372B227B5A66009A466A /* SwipingController.swift */,
				244F99AD226868A3004874FB /* AppDelegate.swift */,
			);
			path = Controller;
			sourceTree = "<group>";
		};
		2482B1C1226B2662007EF025 /* Helper */ = {
			isa = PBXGroup;
			children = (
				240F801A226A229E009F0B9F /* SSMManager.swift */,
				244F99C922686EE3004874FB /* SSMPlayerStats.swift */,
			);
			path = Helper;
			sourceTree = "<group>";
		};
		2482B1C6226B2A36007EF025 /* Extension */ = {
			isa = PBXGroup;
			children = (
				2482B1C7226B2A61007EF025 /* AutoLayoutAnchorExt.swift */,
				244F99C522686D79004874FB /* Extension.swift */,
				24E95CBB227C5E4F00CA272C /* UIColor+UIbuttonExt.swift */,
				24C5BEF1227C458F0050CBAA /* SwipingController+CollectionView.swift */,
				24E95CBD227C5F1700CA272C /* SwipingController+ScrollView.swift */,
				24E4A5C3227F4DD1009035F7 /* Service.swift */,
			);
			path = Extension;
			sourceTree = "<group>";
		};
		24CC57672289BA290045C278 /* Protocol */ = {
			isa = PBXGroup;
			children = (
				24CC57682289BA730045C278 /* SettingsCellDelegate.swift */,
			);
			path = Protocol;
			sourceTree = "<group>";
		};
		24CC576A2289C2950045C278 /* Enum */ = {
			isa = PBXGroup;
			children = (
				24CC576B2289C2A50045C278 /* SceneType.swift */,
			);
			path = Enum;
			sourceTree = "<group>";
		};
		24CF84522281D61F00D35D19 /* Firebase Controller */ = {
			isa = PBXGroup;
			children = (
				24E4A5BF227F4BAC009035F7 /* FirebaseManager.swift */,
				24E4A5C5227F568E009035F7 /* UserProfileController.swift */,
				24E4A5C1227F4C84009035F7 /* WelcomeViewController.swift */,
			);
			path = "Firebase Controller";
			sourceTree = "<group>";
		};
		24E95CBF227C5FF100CA272C /* Supporting Files */ = {
			isa = PBXGroup;
			children = (
				244F99B9226868A4004874FB /* Info.plist */,
			);
			path = "Supporting Files";
			sourceTree = "<group>";
		};
		24E95CC0227C603A00CA272C /* Resources */ = {
			isa = PBXGroup;
			children = (
				244F99B4226868A4004874FB /* Assets.xcassets */,
				2436715C22707603009FC1A1 /* BackgroundMusic.mp3 */,
				24E4A5BD227F49F9009035F7 /* GoogleService-Info.plist */,
			);
			path = Resources;
			sourceTree = "<group>";
		};
		24E95CC1227C607C00CA272C /* Interface Builder */ = {
			isa = PBXGroup;
			children = (
				244F99B6226868A4004874FB /* LaunchScreen.storyboard */,
			);
			path = "Interface Builder";
			sourceTree = "<group>";
		};
		24ED3731227B8805009A466A /* Model */ = {
			isa = PBXGroup;
			children = (
				24ED372F227B87FF009A466A /* PageModel.swift */,
				24CF845322820A5500D35D19 /* SettignsModel.swift */,
				2442D333228484770080003C /* CurrentUser.swift */,
			);
			path = Model;
			sourceTree = "<group>";
		};
		BC2C8F615C6A6BE92C0693D1 /* Pods */ = {
			isa = PBXGroup;
			children = (
				EC023AF5D37782EE0D2D78B8 /* Pods-SpriteKitGameProgrammatically.debug.xcconfig */,
				512DC25AF549B965CA82FAF2 /* Pods-SpriteKitGameProgrammatically.release.xcconfig */,
			);
			path = Pods;
			sourceTree = "<group>";
		};
		C9216CE52709AABE21DF5EF8 /* Frameworks */ = {
			isa = PBXGroup;
			children = (
				F35CF71BFF61AADB9A22BC69 /* Pods_SpriteKitGameProgrammatically.framework */,
			);
			name = Frameworks;
			sourceTree = "<group>";
		};
/* End PBXGroup section */

/* Begin PBXNativeTarget section */
		244F99A9226868A3004874FB /* Sweet Sweets Mania */ = {
			isa = PBXNativeTarget;
			buildConfigurationList = 244F99BC226868A4004874FB /* Build configuration list for PBXNativeTarget "Sweet Sweets Mania" */;
			buildPhases = (
				B03D3AB81353606D3C70FB0A /* [CP] Check Pods Manifest.lock */,
				244F99A6226868A3004874FB /* Sources */,
				244F99A7226868A3004874FB /* Frameworks */,
				244F99A8226868A3004874FB /* Resources */,
				B851BCE7C9F31A15FA44C920 /* [CP] Embed Pods Frameworks */,
			);
			buildRules = (
			);
			dependencies = (
			);
			name = "Sweet Sweets Mania";
			productName = SpriteKitGameProgrammatically;
			productReference = 244F99AA226868A3004874FB /* Sweet Sweets Mania.app */;
			productType = "com.apple.product-type.application";
		};
/* End PBXNativeTarget section */

/* Begin PBXProject section */
		244F99A2226868A3004874FB /* Project object */ = {
			isa = PBXProject;
			attributes = {
				LastSwiftUpdateCheck = 1020;
				LastUpgradeCheck = 1020;
				ORGANIZATIONNAME = "Ilija Mihajlovic";
				TargetAttributes = {
					244F99A9226868A3004874FB = {
						CreatedOnToolsVersion = 10.2;
					};
				};
			};
			buildConfigurationList = 244F99A5226868A3004874FB /* Build configuration list for PBXProject "Sweet Sweets Mania" */;
			compatibilityVersion = "Xcode 9.3";
			developmentRegion = en;
			hasScannedForEncodings = 0;
			knownRegions = (
				en,
				Base,
			);
			mainGroup = 244F99A1226868A3004874FB;
			productRefGroup = 244F99AB226868A3004874FB /* Products */;
			projectDirPath = "";
			projectRoot = "";
			targets = (
				244F99A9226868A3004874FB /* Sweet Sweets Mania */,
			);
		};
/* End PBXProject section */

/* Begin PBXResourcesBuildPhase section */
		244F99A8226868A3004874FB /* Resources */ = {
			isa = PBXResourcesBuildPhase;
			buildActionMask = 2147483647;
			files = (
				2436715D22707603009FC1A1 /* BackgroundMusic.mp3 in Resources */,
				244F99B8226868A4004874FB /* LaunchScreen.storyboard in Resources */,
				24E4A5BE227F49F9009035F7 /* GoogleService-Info.plist in Resources */,
				244F99B5226868A4004874FB /* Assets.xcassets in Resources */,
			);
			runOnlyForDeploymentPostprocessing = 0;
		};
/* End PBXResourcesBuildPhase section */

/* Begin PBXShellScriptBuildPhase section */
		B03D3AB81353606D3C70FB0A /* [CP] Check Pods Manifest.lock */ = {
			isa = PBXShellScriptBuildPhase;
			buildActionMask = 2147483647;
			files = (
			);
			inputFileListPaths = (
			);
			inputPaths = (
				"${PODS_PODFILE_DIR_PATH}/Podfile.lock",
				"${PODS_ROOT}/Manifest.lock",
			);
			name = "[CP] Check Pods Manifest.lock";
			outputFileListPaths = (
			);
			outputPaths = (
				"$(DERIVED_FILE_DIR)/Pods-SpriteKitGameProgrammatically-checkManifestLockResult.txt",
			);
			runOnlyForDeploymentPostprocessing = 0;
			shellPath = /bin/sh;
			shellScript = "diff \"${PODS_PODFILE_DIR_PATH}/Podfile.lock\" \"${PODS_ROOT}/Manifest.lock\" > /dev/null\nif [ $? != 0 ] ; then\n    # print error to STDERR\n    echo \"error: The sandbox is not in sync with the Podfile.lock. Run 'pod install' or update your CocoaPods installation.\" >&2\n    exit 1\nfi\n# This output is used by Xcode 'outputs' to avoid re-running this script phase.\necho \"SUCCESS\" > \"${SCRIPT_OUTPUT_FILE_0}\"\n";
			showEnvVarsInLog = 0;
		};
		B851BCE7C9F31A15FA44C920 /* [CP] Embed Pods Frameworks */ = {
			isa = PBXShellScriptBuildPhase;
			buildActionMask = 2147483647;
			files = (
			);
			inputFileListPaths = (
			);
			inputPaths = (
				"${PODS_ROOT}/Target Support Files/Pods-SpriteKitGameProgrammatically/Pods-SpriteKitGameProgrammatically-frameworks.sh",
				"${BUILT_PRODUCTS_DIR}/Bolts/Bolts.framework",
				"${BUILT_PRODUCTS_DIR}/FBSDKCoreKit/FBSDKCoreKit.framework",
				"${BUILT_PRODUCTS_DIR}/FBSDKLoginKit/FBSDKLoginKit.framework",
				"${BUILT_PRODUCTS_DIR}/FacebookCore/FacebookCore.framework",
				"${BUILT_PRODUCTS_DIR}/FacebookLogin/FacebookLogin.framework",
				"${BUILT_PRODUCTS_DIR}/GTMSessionFetcher/GTMSessionFetcher.framework",
				"${BUILT_PRODUCTS_DIR}/GoogleUtilities/GoogleUtilities.framework",
				"${BUILT_PRODUCTS_DIR}/LBTAComponents/LBTAComponents.framework",
				"${BUILT_PRODUCTS_DIR}/SVProgressHUD/SVProgressHUD.framework",
				"${BUILT_PRODUCTS_DIR}/SwiftyJSON/SwiftyJSON.framework",
				"${BUILT_PRODUCTS_DIR}/leveldb-library/leveldb.framework",
			);
			name = "[CP] Embed Pods Frameworks";
			outputFileListPaths = (
			);
			outputPaths = (
				"${TARGET_BUILD_DIR}/${FRAMEWORKS_FOLDER_PATH}/Bolts.framework",
				"${TARGET_BUILD_DIR}/${FRAMEWORKS_FOLDER_PATH}/FBSDKCoreKit.framework",
				"${TARGET_BUILD_DIR}/${FRAMEWORKS_FOLDER_PATH}/FBSDKLoginKit.framework",
				"${TARGET_BUILD_DIR}/${FRAMEWORKS_FOLDER_PATH}/FacebookCore.framework",
				"${TARGET_BUILD_DIR}/${FRAMEWORKS_FOLDER_PATH}/FacebookLogin.framework",
				"${TARGET_BUILD_DIR}/${FRAMEWORKS_FOLDER_PATH}/GTMSessionFetcher.framework",
				"${TARGET_BUILD_DIR}/${FRAMEWORKS_FOLDER_PATH}/GoogleUtilities.framework",
				"${TARGET_BUILD_DIR}/${FRAMEWORKS_FOLDER_PATH}/LBTAComponents.framework",
				"${TARGET_BUILD_DIR}/${FRAMEWORKS_FOLDER_PATH}/SVProgressHUD.framework",
				"${TARGET_BUILD_DIR}/${FRAMEWORKS_FOLDER_PATH}/SwiftyJSON.framework",
				"${TARGET_BUILD_DIR}/${FRAMEWORKS_FOLDER_PATH}/leveldb.framework",
			);
			runOnlyForDeploymentPostprocessing = 0;
			shellPath = /bin/sh;
			shellScript = "\"${PODS_ROOT}/Target Support Files/Pods-SpriteKitGameProgrammatically/Pods-SpriteKitGameProgrammatically-frameworks.sh\"\n";
			showEnvVarsInLog = 0;
		};
/* End PBXShellScriptBuildPhase section */

/* Begin PBXSourcesBuildPhase section */
		244F99A6226868A3004874FB /* Sources */ = {
			isa = PBXSourcesBuildPhase;
			buildActionMask = 2147483647;
			files = (
				24E95CBE227C5F1700CA272C /* SwipingController+ScrollView.swift in Sources */,
				24E4A5C4227F4DD1009035F7 /* Service.swift in Sources */,
				24E4A5C6227F568E009035F7 /* UserProfileController.swift in Sources */,
				24E95CBC227C5E4F00CA272C /* UIColor+UIbuttonExt.swift in Sources */,
				24CF845422820A5500D35D19 /* SettignsModel.swift in Sources */,
				2482B1C8226B2A61007EF025 /* AutoLayoutAnchorExt.swift in Sources */,
				246FFF83226F0EC30043B611 /* LoginScene.swift in Sources */,
				240F8013226A1765009F0B9F /* SSMPlayerStats.swift in Sources */,
				240F801F226A4910009F0B9F /* SettingsLauncher.swift in Sources */,
				244F99CE22689A36004874FB /* GameOver.swift in Sources */,
				2482B1C3226B26BF007EF025 /* BaseCell.swift in Sources */,
				240F801B226A229E009F0B9F /* SSMManager.swift in Sources */,
				2442D334228484770080003C /* CurrentUser.swift in Sources */,
				24E4A5C0227F4BAC009035F7 /* FirebaseManager.swift in Sources */,
				24CC576C2289C2A50045C278 /* SceneType.swift in Sources */,
				244F99C022686A95004874FB /* GameViewController.swift in Sources */,
				2482B1C5226B26D4007EF025 /* SettingsCell.swift in Sources */,
				24ED372C227B5A66009A466A /* SwipingController.swift in Sources */,
				24E4A5C2227F4C84009035F7 /* WelcomeViewController.swift in Sources */,
				244F99AE226868A3004874FB /* AppDelegate.swift in Sources */,
				244F99C622686D79004874FB /* Extension.swift in Sources */,
				24ED3730227B87FF009A466A /* PageModel.swift in Sources */,
				24ED372E227B7016009A466A /* PageCell.swift in Sources */,
				24C5BEF2227C458F0050CBAA /* SwipingController+CollectionView.swift in Sources */,
				244F99C422686D3E004874FB /* BDButton.swift in Sources */,
				24A6BA2F22876C3C007D74F4 /* GPButton.swift in Sources */,
				24CC57692289BA730045C278 /* SettingsCellDelegate.swift in Sources */,
				244F99CC22686FA6004874FB /* Gameplay.swift in Sources */,
				244F99C222686BDD004874FB /* MainMenu.swift in Sources */,
			);
			runOnlyForDeploymentPostprocessing = 0;
		};
/* End PBXSourcesBuildPhase section */

/* Begin PBXVariantGroup section */
		244F99B6226868A4004874FB /* LaunchScreen.storyboard */ = {
			isa = PBXVariantGroup;
			children = (
				244F99B7226868A4004874FB /* Base */,
			);
			name = LaunchScreen.storyboard;
			sourceTree = "<group>";
		};
/* End PBXVariantGroup section */

/* Begin XCBuildConfiguration section */
		244F99BA226868A4004874FB /* Debug */ = {
			isa = XCBuildConfiguration;
			buildSettings = {
				ALWAYS_SEARCH_USER_PATHS = NO;
				CLANG_ANALYZER_NONNULL = YES;
				CLANG_ANALYZER_NUMBER_OBJECT_CONVERSION = YES_AGGRESSIVE;
				CLANG_CXX_LANGUAGE_STANDARD = "gnu++14";
				CLANG_CXX_LIBRARY = "libc++";
				CLANG_ENABLE_MODULES = YES;
				CLANG_ENABLE_OBJC_ARC = YES;
				CLANG_ENABLE_OBJC_WEAK = YES;
				CLANG_WARN_BLOCK_CAPTURE_AUTORELEASING = YES;
				CLANG_WARN_BOOL_CONVERSION = YES;
				CLANG_WARN_COMMA = YES;
				CLANG_WARN_CONSTANT_CONVERSION = YES;
				CLANG_WARN_DEPRECATED_OBJC_IMPLEMENTATIONS = YES;
				CLANG_WARN_DIRECT_OBJC_ISA_USAGE = YES_ERROR;
				CLANG_WARN_DOCUMENTATION_COMMENTS = YES;
				CLANG_WARN_EMPTY_BODY = YES;
				CLANG_WARN_ENUM_CONVERSION = YES;
				CLANG_WARN_INFINITE_RECURSION = YES;
				CLANG_WARN_INT_CONVERSION = YES;
				CLANG_WARN_NON_LITERAL_NULL_CONVERSION = YES;
				CLANG_WARN_OBJC_IMPLICIT_RETAIN_SELF = YES;
				CLANG_WARN_OBJC_LITERAL_CONVERSION = YES;
				CLANG_WARN_OBJC_ROOT_CLASS = YES_ERROR;
				CLANG_WARN_RANGE_LOOP_ANALYSIS = YES;
				CLANG_WARN_STRICT_PROTOTYPES = YES;
				CLANG_WARN_SUSPICIOUS_MOVE = YES;
				CLANG_WARN_UNGUARDED_AVAILABILITY = YES_AGGRESSIVE;
				CLANG_WARN_UNREACHABLE_CODE = YES;
				CLANG_WARN__DUPLICATE_METHOD_MATCH = YES;
				CODE_SIGN_IDENTITY = "iPhone Developer";
				COPY_PHASE_STRIP = NO;
				DEBUG_INFORMATION_FORMAT = dwarf;
				ENABLE_STRICT_OBJC_MSGSEND = YES;
				ENABLE_TESTABILITY = YES;
				GCC_C_LANGUAGE_STANDARD = gnu11;
				GCC_DYNAMIC_NO_PIC = NO;
				GCC_NO_COMMON_BLOCKS = YES;
				GCC_OPTIMIZATION_LEVEL = 0;
				GCC_PREPROCESSOR_DEFINITIONS = (
					"DEBUG=1",
					"$(inherited)",
				);
				GCC_WARN_64_TO_32_BIT_CONVERSION = YES;
				GCC_WARN_ABOUT_RETURN_TYPE = YES_ERROR;
				GCC_WARN_UNDECLARED_SELECTOR = YES;
				GCC_WARN_UNINITIALIZED_AUTOS = YES_AGGRESSIVE;
				GCC_WARN_UNUSED_FUNCTION = YES;
				GCC_WARN_UNUSED_VARIABLE = YES;
				IPHONEOS_DEPLOYMENT_TARGET = 12.2;
				MTL_ENABLE_DEBUG_INFO = INCLUDE_SOURCE;
				MTL_FAST_MATH = YES;
				ONLY_ACTIVE_ARCH = YES;
				SDKROOT = iphoneos;
				SWIFT_ACTIVE_COMPILATION_CONDITIONS = DEBUG;
				SWIFT_OPTIMIZATION_LEVEL = "-Onone";
			};
			name = Debug;
		};
		244F99BB226868A4004874FB /* Release */ = {
			isa = XCBuildConfiguration;
			buildSettings = {
				ALWAYS_SEARCH_USER_PATHS = NO;
				CLANG_ANALYZER_NONNULL = YES;
				CLANG_ANALYZER_NUMBER_OBJECT_CONVERSION = YES_AGGRESSIVE;
				CLANG_CXX_LANGUAGE_STANDARD = "gnu++14";
				CLANG_CXX_LIBRARY = "libc++";
				CLANG_ENABLE_MODULES = YES;
				CLANG_ENABLE_OBJC_ARC = YES;
				CLANG_ENABLE_OBJC_WEAK = YES;
				CLANG_WARN_BLOCK_CAPTURE_AUTORELEASING = YES;
				CLANG_WARN_BOOL_CONVERSION = YES;
				CLANG_WARN_COMMA = YES;
				CLANG_WARN_CONSTANT_CONVERSION = YES;
				CLANG_WARN_DEPRECATED_OBJC_IMPLEMENTATIONS = YES;
				CLANG_WARN_DIRECT_OBJC_ISA_USAGE = YES_ERROR;
				CLANG_WARN_DOCUMENTATION_COMMENTS = YES;
				CLANG_WARN_EMPTY_BODY = YES;
				CLANG_WARN_ENUM_CONVERSION = YES;
				CLANG_WARN_INFINITE_RECURSION = YES;
				CLANG_WARN_INT_CONVERSION = YES;
				CLANG_WARN_NON_LITERAL_NULL_CONVERSION = YES;
				CLANG_WARN_OBJC_IMPLICIT_RETAIN_SELF = YES;
				CLANG_WARN_OBJC_LITERAL_CONVERSION = YES;
				CLANG_WARN_OBJC_ROOT_CLASS = YES_ERROR;
				CLANG_WARN_RANGE_LOOP_ANALYSIS = YES;
				CLANG_WARN_STRICT_PROTOTYPES = YES;
				CLANG_WARN_SUSPICIOUS_MOVE = YES;
				CLANG_WARN_UNGUARDED_AVAILABILITY = YES_AGGRESSIVE;
				CLANG_WARN_UNREACHABLE_CODE = YES;
				CLANG_WARN__DUPLICATE_METHOD_MATCH = YES;
				CODE_SIGN_IDENTITY = "iPhone Developer";
				COPY_PHASE_STRIP = NO;
				DEBUG_INFORMATION_FORMAT = "dwarf-with-dsym";
				ENABLE_NS_ASSERTIONS = NO;
				ENABLE_STRICT_OBJC_MSGSEND = YES;
				GCC_C_LANGUAGE_STANDARD = gnu11;
				GCC_NO_COMMON_BLOCKS = YES;
				GCC_WARN_64_TO_32_BIT_CONVERSION = YES;
				GCC_WARN_ABOUT_RETURN_TYPE = YES_ERROR;
				GCC_WARN_UNDECLARED_SELECTOR = YES;
				GCC_WARN_UNINITIALIZED_AUTOS = YES_AGGRESSIVE;
				GCC_WARN_UNUSED_FUNCTION = YES;
				GCC_WARN_UNUSED_VARIABLE = YES;
				IPHONEOS_DEPLOYMENT_TARGET = 12.2;
				MTL_ENABLE_DEBUG_INFO = NO;
				MTL_FAST_MATH = YES;
				SDKROOT = iphoneos;
				SWIFT_COMPILATION_MODE = wholemodule;
				SWIFT_OPTIMIZATION_LEVEL = "-O";
				VALIDATE_PRODUCT = YES;
			};
			name = Release;
		};
		244F99BD226868A4004874FB /* Debug */ = {
			isa = XCBuildConfiguration;
			baseConfigurationReference = EC023AF5D37782EE0D2D78B8 /* Pods-SpriteKitGameProgrammatically.debug.xcconfig */;
			buildSettings = {
				ASSETCATALOG_COMPILER_APPICON_NAME = AppIcon;
				CODE_SIGN_STYLE = Automatic;
				INFOPLIST_FILE = "$(SRCROOT)/SpriteKitGameProgrammatically/Supporting Files/Info.plist";
				LD_RUNPATH_SEARCH_PATHS = (
					"$(inherited)",
					"@executable_path/Frameworks",
				);
				PRODUCT_BUNDLE_IDENTIFIER = com.MafiaCaffe.SpriteKitGameProgrammatically;
				PRODUCT_NAME = "$(TARGET_NAME)";
				SWIFT_VERSION = 5.0;
				TARGETED_DEVICE_FAMILY = "1,2";
			};
			name = Debug;
		};
		244F99BE226868A4004874FB /* Release */ = {
			isa = XCBuildConfiguration;
			baseConfigurationReference = 512DC25AF549B965CA82FAF2 /* Pods-SpriteKitGameProgrammatically.release.xcconfig */;
			buildSettings = {
				ASSETCATALOG_COMPILER_APPICON_NAME = AppIcon;
				CODE_SIGN_STYLE = Automatic;
				INFOPLIST_FILE = "$(SRCROOT)/SpriteKitGameProgrammatically/Supporting Files/Info.plist";
				LD_RUNPATH_SEARCH_PATHS = (
					"$(inherited)",
					"@executable_path/Frameworks",
				);
				PRODUCT_BUNDLE_IDENTIFIER = com.MafiaCaffe.SpriteKitGameProgrammatically;
				PRODUCT_NAME = "$(TARGET_NAME)";
				SWIFT_VERSION = 5.0;
				TARGETED_DEVICE_FAMILY = "1,2";
			};
			name = Release;
		};
/* End XCBuildConfiguration section */

/* Begin XCConfigurationList section */
		244F99A5226868A3004874FB /* Build configuration list for PBXProject "Sweet Sweets Mania" */ = {
			isa = XCConfigurationList;
			buildConfigurations = (
				244F99BA226868A4004874FB /* Debug */,
				244F99BB226868A4004874FB /* Release */,
			);
			defaultConfigurationIsVisible = 0;
			defaultConfigurationName = Release;
		};
		244F99BC226868A4004874FB /* Build configuration list for PBXNativeTarget "Sweet Sweets Mania" */ = {
			isa = XCConfigurationList;
			buildConfigurations = (
				244F99BD226868A4004874FB /* Debug */,
				244F99BE226868A4004874FB /* Release */,
			);
			defaultConfigurationIsVisible = 0;
			defaultConfigurationName = Release;
		};
/* End XCConfigurationList section */
	};
	rootObject = 244F99A2226868A3004874FB /* Project object */;
}
